
Microsoft Visual Studio Solution File, Format Version 12.00
# Visual Studio Version 17
VisualStudioVersion = 17.9.34607.119
MinimumVisualStudioVersion = 10.0.40219.1
Project("{FAE04EC0-301F-11D3-BF4B-00C04F79EFBC}") = "CRUD1", "CRUD1\CRUD1.csproj", "{47E80819-1BEE-4306-9731-72F817E4D360}"
EndProject
Global
	GlobalSection(SolutionConfigurationPlatforms) = preSolution
		Debug|Any CPU = Debug|Any CPU
		Release|Any CPU = Release|Any CPU
	EndGlobalSection
	GlobalSection(ProjectConfigurationPlatforms) = postSolution
		{47E80819-1BEE-4306-9731-72F817E4D360}.Debug|Any CPU.ActiveCfg = Debug|Any CPU
		{47E80819-1BEE-4306-9731-72F817E4D360}.Debug|Any CPU.Build.0 = Debug|Any CPU
		{47E80819-1BEE-4306-9731-72F817E4D360}.Release|Any CPU.ActiveCfg = Release|Any CPU
		{47E80819-1BEE-4306-9731-72F817E4D360}.Release|Any CPU.Build.0 = Release|Any CPU
	EndGlobalSection
	GlobalSection(SolutionProperties) = preSolution
		HideSolutionNode = FALSE
	EndGlobalSection
	GlobalSection(ExtensibilityGlobals) = postSolution
		SolutionGuid = {56632194-176D-483A-A883-4F5165AEACF4}
	EndGlobalSection
EndGlobal
